
Microsoft Visual Studio Solution File, Format Version 12.00
# Visual Studio Version 17
VisualStudioVersion = 17.10.35027.167
MinimumVisualStudioVersion = 10.0.40219.1
Project("{FAE04EC0-301F-11D3-BF4B-00C04F79EFBC}") = "01TryCatchFinally", "01TryCatchFinally\01TryCatchFinally.csproj", "{D85ECFEC-B41D-4FA7-A5D0-290F09FE95F3}"
EndProject
Project("{FAE04EC0-301F-11D3-BF4B-00C04F79EFBC}") = "02LancandoExceptions", "02LancandoExceptions\02LancandoExceptions.csproj", "{F46C0B96-2E39-410F-9D50-20DEE18C473D}"
EndProject
Project("{FAE04EC0-301F-11D3-BF4B-00C04F79EFBC}") = "03FiltrarExcecoes", "03FiltrarExcecoes\03FiltrarExcecoes.csproj", "{21B16860-B80B-41C4-9C21-871FF2C4B1B2}"
EndProject
Project("{FAE04EC0-301F-11D3-BF4B-00C04F79EFBC}") = "04FiltrosExercicio", "04FiltrosExercicio\04FiltrosExercicio.csproj", "{D00506B1-460C-4CEB-AC6A-E676C3AF2C21}"
EndProject
Global
	GlobalSection(SolutionConfigurationPlatforms) = preSolution
		Debug|Any CPU = Debug|Any CPU
		Release|Any CPU = Release|Any CPU
	EndGlobalSection
	GlobalSection(ProjectConfigurationPlatforms) = postSolution
		{D85ECFEC-B41D-4FA7-A5D0-290F09FE95F3}.Debug|Any CPU.ActiveCfg = Debug|Any CPU
		{D85ECFEC-B41D-4FA7-A5D0-290F09FE95F3}.Debug|Any CPU.Build.0 = Debug|Any CPU
		{D85ECFEC-B41D-4FA7-A5D0-290F09FE95F3}.Release|Any CPU.ActiveCfg = Release|Any CPU
		{D85ECFEC-B41D-4FA7-A5D0-290F09FE95F3}.Release|Any CPU.Build.0 = Release|Any CPU
		{F46C0B96-2E39-410F-9D50-20DEE18C473D}.Debug|Any CPU.ActiveCfg = Debug|Any CPU
		{F46C0B96-2E39-410F-9D50-20DEE18C473D}.Debug|Any CPU.Build.0 = Debug|Any CPU
		{F46C0B96-2E39-410F-9D50-20DEE18C473D}.Release|Any CPU.ActiveCfg = Release|Any CPU
		{F46C0B96-2E39-410F-9D50-20DEE18C473D}.Release|Any CPU.Build.0 = Release|Any CPU
		{21B16860-B80B-41C4-9C21-871FF2C4B1B2}.Debug|Any CPU.ActiveCfg = Debug|Any CPU
		{21B16860-B80B-41C4-9C21-871FF2C4B1B2}.Debug|Any CPU.Build.0 = Debug|Any CPU
		{21B16860-B80B-41C4-9C21-871FF2C4B1B2}.Release|Any CPU.ActiveCfg = Release|Any CPU
		{21B16860-B80B-41C4-9C21-871FF2C4B1B2}.Release|Any CPU.Build.0 = Release|Any CPU
		{D00506B1-460C-4CEB-AC6A-E676C3AF2C21}.Debug|Any CPU.ActiveCfg = Debug|Any CPU
		{D00506B1-460C-4CEB-AC6A-E676C3AF2C21}.Debug|Any CPU.Build.0 = Debug|Any CPU
		{D00506B1-460C-4CEB-AC6A-E676C3AF2C21}.Release|Any CPU.ActiveCfg = Release|Any CPU
		{D00506B1-460C-4CEB-AC6A-E676C3AF2C21}.Release|Any CPU.Build.0 = Release|Any CPU
	EndGlobalSection
	GlobalSection(SolutionProperties) = preSolution
		HideSolutionNode = FALSE
	EndGlobalSection
	GlobalSection(ExtensibilityGlobals) = postSolution
		SolutionGuid = {26C82BCE-16BE-4508-9554-C510C5A722A7}
	EndGlobalSection
EndGlobal
