
Microsoft Visual Studio Solution File, Format Version 12.00
# Visual Studio Version 17
VisualStudioVersion = 17.8.34525.116
MinimumVisualStudioVersion = 10.0.40219.1
Project("{9A19103F-16F7-4668-BE54-9A1E7A4F7556}") = "TiposDeDados1", "TiposDeDados1\TiposDeDados1.csproj", "{A7ABC766-2965-4F87-A217-7DAB640C5CFA}"
EndProject
Project("{9A19103F-16F7-4668-BE54-9A1E7A4F7556}") = "TiposDeDados2", "TiposDeDados2\TiposDeDados2.csproj", "{F6A27CDF-60DB-41BE-9F47-8B03B2EBBB30}"
EndProject
Project("{9A19103F-16F7-4668-BE54-9A1E7A4F7556}") = "TiposDeDados3", "TiposDeDados3\TiposDeDados3.csproj", "{43F41D45-72C6-41FA-B69B-EA114BDCE72E}"
EndProject
Project("{9A19103F-16F7-4668-BE54-9A1E7A4F7556}") = "TiposDeDados4", "TiposDeDados4\TiposDeDados4.csproj", "{65B074EC-B47A-4B4A-8694-F8D486D29C1E}"
EndProject
Project("{9A19103F-16F7-4668-BE54-9A1E7A4F7556}") = "TipoDateTime1", "TipoDateTime1\TipoDateTime1.csproj", "{EAC30597-AC09-4D0B-9343-5DDCD10F415C}"
EndProject
Project("{9A19103F-16F7-4668-BE54-9A1E7A4F7556}") = "NullableTypes1", "NullableTypes1\NullableTypes1.csproj", "{E7AAF844-7AE1-478B-9F25-2ECADD31E399}"
EndProject
Project("{9A19103F-16F7-4668-BE54-9A1E7A4F7556}") = "SaidaDados", "SaidaDados\SaidaDados.csproj", "{5CF37A08-DDC9-4303-839C-77DE589078A0}"
EndProject
Project("{9A19103F-16F7-4668-BE54-9A1E7A4F7556}") = "SaidaDados2", "SaidaDados2\SaidaDados2.csproj", "{B82B7DDF-5949-4C20-9E98-37E60F54F164}"
EndProject
Project("{9A19103F-16F7-4668-BE54-9A1E7A4F7556}") = "1ConversaoTipos", "1ConversaoTipos\1ConversaoTipos.csproj", "{9C7B6842-3117-4B69-96A8-BF1ED955A592}"
EndProject
Project("{FAE04EC0-301F-11D3-BF4B-00C04F79EFBC}") = "EntradaDeDados", "EntradaDeDados\EntradaDeDados.csproj", "{E6D610D1-F361-4ADD-877A-A67E7A3F99C4}"
EndProject
Project("{FAE04EC0-301F-11D3-BF4B-00C04F79EFBC}") = "OperadoresAritmeticos", "OperadoresAritmeticos\OperadoresAritmeticos.csproj", "{40114CDE-532D-4C44-9722-F9E095C4A72D}"
EndProject
Global
	GlobalSection(SolutionConfigurationPlatforms) = preSolution
		Debug|Any CPU = Debug|Any CPU
		Release|Any CPU = Release|Any CPU
	EndGlobalSection
	GlobalSection(ProjectConfigurationPlatforms) = postSolution
		{A7ABC766-2965-4F87-A217-7DAB640C5CFA}.Debug|Any CPU.ActiveCfg = Debug|Any CPU
		{A7ABC766-2965-4F87-A217-7DAB640C5CFA}.Debug|Any CPU.Build.0 = Debug|Any CPU
		{A7ABC766-2965-4F87-A217-7DAB640C5CFA}.Release|Any CPU.ActiveCfg = Release|Any CPU
		{A7ABC766-2965-4F87-A217-7DAB640C5CFA}.Release|Any CPU.Build.0 = Release|Any CPU
		{F6A27CDF-60DB-41BE-9F47-8B03B2EBBB30}.Debug|Any CPU.ActiveCfg = Debug|Any CPU
		{F6A27CDF-60DB-41BE-9F47-8B03B2EBBB30}.Debug|Any CPU.Build.0 = Debug|Any CPU
		{F6A27CDF-60DB-41BE-9F47-8B03B2EBBB30}.Release|Any CPU.ActiveCfg = Release|Any CPU
		{F6A27CDF-60DB-41BE-9F47-8B03B2EBBB30}.Release|Any CPU.Build.0 = Release|Any CPU
		{43F41D45-72C6-41FA-B69B-EA114BDCE72E}.Debug|Any CPU.ActiveCfg = Debug|Any CPU
		{43F41D45-72C6-41FA-B69B-EA114BDCE72E}.Debug|Any CPU.Build.0 = Debug|Any CPU
		{43F41D45-72C6-41FA-B69B-EA114BDCE72E}.Release|Any CPU.ActiveCfg = Release|Any CPU
		{43F41D45-72C6-41FA-B69B-EA114BDCE72E}.Release|Any CPU.Build.0 = Release|Any CPU
		{65B074EC-B47A-4B4A-8694-F8D486D29C1E}.Debug|Any CPU.ActiveCfg = Debug|Any CPU
		{65B074EC-B47A-4B4A-8694-F8D486D29C1E}.Debug|Any CPU.Build.0 = Debug|Any CPU
		{65B074EC-B47A-4B4A-8694-F8D486D29C1E}.Release|Any CPU.ActiveCfg = Release|Any CPU
		{65B074EC-B47A-4B4A-8694-F8D486D29C1E}.Release|Any CPU.Build.0 = Release|Any CPU
		{EAC30597-AC09-4D0B-9343-5DDCD10F415C}.Debug|Any CPU.ActiveCfg = Debug|Any CPU
		{EAC30597-AC09-4D0B-9343-5DDCD10F415C}.Debug|Any CPU.Build.0 = Debug|Any CPU
		{EAC30597-AC09-4D0B-9343-5DDCD10F415C}.Release|Any CPU.ActiveCfg = Release|Any CPU
		{EAC30597-AC09-4D0B-9343-5DDCD10F415C}.Release|Any CPU.Build.0 = Release|Any CPU
		{E7AAF844-7AE1-478B-9F25-2ECADD31E399}.Debug|Any CPU.ActiveCfg = Debug|Any CPU
		{E7AAF844-7AE1-478B-9F25-2ECADD31E399}.Debug|Any CPU.Build.0 = Debug|Any CPU
		{E7AAF844-7AE1-478B-9F25-2ECADD31E399}.Release|Any CPU.ActiveCfg = Release|Any CPU
		{E7AAF844-7AE1-478B-9F25-2ECADD31E399}.Release|Any CPU.Build.0 = Release|Any CPU
		{5CF37A08-DDC9-4303-839C-77DE589078A0}.Debug|Any CPU.ActiveCfg = Debug|Any CPU
		{5CF37A08-DDC9-4303-839C-77DE589078A0}.Debug|Any CPU.Build.0 = Debug|Any CPU
		{5CF37A08-DDC9-4303-839C-77DE589078A0}.Release|Any CPU.ActiveCfg = Release|Any CPU
		{5CF37A08-DDC9-4303-839C-77DE589078A0}.Release|Any CPU.Build.0 = Release|Any CPU
		{B82B7DDF-5949-4C20-9E98-37E60F54F164}.Debug|Any CPU.ActiveCfg = Debug|Any CPU
		{B82B7DDF-5949-4C20-9E98-37E60F54F164}.Debug|Any CPU.Build.0 = Debug|Any CPU
		{B82B7DDF-5949-4C20-9E98-37E60F54F164}.Release|Any CPU.ActiveCfg = Release|Any CPU
		{B82B7DDF-5949-4C20-9E98-37E60F54F164}.Release|Any CPU.Build.0 = Release|Any CPU
		{9C7B6842-3117-4B69-96A8-BF1ED955A592}.Debug|Any CPU.ActiveCfg = Debug|Any CPU
		{9C7B6842-3117-4B69-96A8-BF1ED955A592}.Debug|Any CPU.Build.0 = Debug|Any CPU
		{9C7B6842-3117-4B69-96A8-BF1ED955A592}.Release|Any CPU.ActiveCfg = Release|Any CPU
		{9C7B6842-3117-4B69-96A8-BF1ED955A592}.Release|Any CPU.Build.0 = Release|Any CPU
		{E6D610D1-F361-4ADD-877A-A67E7A3F99C4}.Debug|Any CPU.ActiveCfg = Debug|Any CPU
		{E6D610D1-F361-4ADD-877A-A67E7A3F99C4}.Debug|Any CPU.Build.0 = Debug|Any CPU
		{E6D610D1-F361-4ADD-877A-A67E7A3F99C4}.Release|Any CPU.ActiveCfg = Release|Any CPU
		{E6D610D1-F361-4ADD-877A-A67E7A3F99C4}.Release|Any CPU.Build.0 = Release|Any CPU
		{40114CDE-532D-4C44-9722-F9E095C4A72D}.Debug|Any CPU.ActiveCfg = Debug|Any CPU
		{40114CDE-532D-4C44-9722-F9E095C4A72D}.Debug|Any CPU.Build.0 = Debug|Any CPU
		{40114CDE-532D-4C44-9722-F9E095C4A72D}.Release|Any CPU.ActiveCfg = Release|Any CPU
		{40114CDE-532D-4C44-9722-F9E095C4A72D}.Release|Any CPU.Build.0 = Release|Any CPU
	EndGlobalSection
	GlobalSection(SolutionProperties) = preSolution
		HideSolutionNode = FALSE
	EndGlobalSection
	GlobalSection(ExtensibilityGlobals) = postSolution
		SolutionGuid = {B21540DF-A45E-4AE0-9382-2045AAEC71A9}
	EndGlobalSection
EndGlobal
