
Microsoft Visual Studio Solution File, Format Version 12.00
# Visual Studio Version 17
VisualStudioVersion = 17.10.34928.147
MinimumVisualStudioVersion = 10.0.40219.1
Project("{9A19103F-16F7-4668-BE54-9A1E7A4F7556}") = "ClassesMetodos", "ClassesMetodos\ClassesMetodos.csproj", "{B7F1E957-3286-413F-9837-ECC9EEC385C8}"
EndProject
Project("{9A19103F-16F7-4668-BE54-9A1E7A4F7556}") = "2Metodos", "2Metodos\2Metodos.csproj", "{1F0415AE-8EAF-44C1-BA9E-8083E790C922}"
EndProject
Project("{9A19103F-16F7-4668-BE54-9A1E7A4F7556}") = "3MetodosParametros", "3MetodosParametros\3MetodosParametros.csproj", "{1F589EA4-1C1C-444E-9F09-5B1277ADB32E}"
EndProject
Project("{9A19103F-16F7-4668-BE54-9A1E7A4F7556}") = "4MetodosParametros", "4MetodosParametros\4MetodosParametros.csproj", "{ADB4B90D-2591-4B4F-BA02-345272076654}"
EndProject
Project("{9A19103F-16F7-4668-BE54-9A1E7A4F7556}") = "5Construtores", "5Construtores\5Construtores.csproj", "{B894686B-7DC0-429D-8425-F88B5E5816A0}"
EndProject
Project("{9A19103F-16F7-4668-BE54-9A1E7A4F7556}") = "6This", "6This\6This.csproj", "{E98B4DC8-FB57-4DF7-8DB2-7495CB6EB0CB}"
EndProject
Project("{9A19103F-16F7-4668-BE54-9A1E7A4F7556}") = "7MetodosComRetorno", "7MetodosComRetorno\7MetodosComRetorno.csproj", "{F70F9A8D-DE2B-4823-895B-B404B2DA86A7}"
EndProject
Project("{9A19103F-16F7-4668-BE54-9A1E7A4F7556}") = "7MetodosComRetorno2", "7MetodosComRetorno2\7MetodosComRetorno2.csproj", "{DEF6D8C3-8138-4690-87D5-FB706B20881A}"
EndProject
Project("{9A19103F-16F7-4668-BE54-9A1E7A4F7556}") = "8MetodosComRetorno", "8MetodosComRetorno\8MetodosComRetorno.csproj", "{323962F2-0677-4DCD-91DE-2ABE9A8B9C70}"
EndProject
Project("{9A19103F-16F7-4668-BE54-9A1E7A4F7556}") = "11PassandoArgumentoPorValor", "11PassandoArgumentoPorValor\11PassandoArgumentoPorValor.csproj", "{03979B04-A6D9-4B16-A3BC-805B2F49B4A8}"
EndProject
Project("{9A19103F-16F7-4668-BE54-9A1E7A4F7556}") = "12PassandoArgumentosPorReferencia", "12PassandoArgumentosPorReferencia\12PassandoArgumentosPorReferencia.csproj", "{95C268FF-34A5-45C9-84B2-6F20E11B15CC}"
EndProject
Project("{FAE04EC0-301F-11D3-BF4B-00C04F79EFBC}") = "13PassagemParametrosReferencia_out", "13PassagemParametrosReferencia_out\13PassagemParametrosReferencia_out.csproj", "{D0072964-9891-427C-8DD3-D1C6F4288BF5}"
EndProject
Project("{FAE04EC0-301F-11D3-BF4B-00C04F79EFBC}") = "9Metodos_ArgumentosNomeados", "9Metodos_ArgumentosNomeados\9Metodos_ArgumentosNomeados.csproj", "{FE177C14-FD45-464F-87A4-0F78F0919AD6}"
EndProject
Project("{FAE04EC0-301F-11D3-BF4B-00C04F79EFBC}") = "10Metodos_ParametrosOpcionais", "10Metodos_ParametrosOpcionais\10Metodos_ParametrosOpcionais.csproj", "{742C5B21-9D52-478A-8720-B2A3202CE7C0}"
EndProject
Global
	GlobalSection(SolutionConfigurationPlatforms) = preSolution
		Debug|Any CPU = Debug|Any CPU
		Release|Any CPU = Release|Any CPU
	EndGlobalSection
	GlobalSection(ProjectConfigurationPlatforms) = postSolution
		{B7F1E957-3286-413F-9837-ECC9EEC385C8}.Debug|Any CPU.ActiveCfg = Debug|Any CPU
		{B7F1E957-3286-413F-9837-ECC9EEC385C8}.Debug|Any CPU.Build.0 = Debug|Any CPU
		{B7F1E957-3286-413F-9837-ECC9EEC385C8}.Release|Any CPU.ActiveCfg = Release|Any CPU
		{B7F1E957-3286-413F-9837-ECC9EEC385C8}.Release|Any CPU.Build.0 = Release|Any CPU
		{1F0415AE-8EAF-44C1-BA9E-8083E790C922}.Debug|Any CPU.ActiveCfg = Debug|Any CPU
		{1F0415AE-8EAF-44C1-BA9E-8083E790C922}.Debug|Any CPU.Build.0 = Debug|Any CPU
		{1F0415AE-8EAF-44C1-BA9E-8083E790C922}.Release|Any CPU.ActiveCfg = Release|Any CPU
		{1F0415AE-8EAF-44C1-BA9E-8083E790C922}.Release|Any CPU.Build.0 = Release|Any CPU
		{1F589EA4-1C1C-444E-9F09-5B1277ADB32E}.Debug|Any CPU.ActiveCfg = Debug|Any CPU
		{1F589EA4-1C1C-444E-9F09-5B1277ADB32E}.Debug|Any CPU.Build.0 = Debug|Any CPU
		{1F589EA4-1C1C-444E-9F09-5B1277ADB32E}.Release|Any CPU.ActiveCfg = Release|Any CPU
		{1F589EA4-1C1C-444E-9F09-5B1277ADB32E}.Release|Any CPU.Build.0 = Release|Any CPU
		{ADB4B90D-2591-4B4F-BA02-345272076654}.Debug|Any CPU.ActiveCfg = Debug|Any CPU
		{ADB4B90D-2591-4B4F-BA02-345272076654}.Debug|Any CPU.Build.0 = Debug|Any CPU
		{ADB4B90D-2591-4B4F-BA02-345272076654}.Release|Any CPU.ActiveCfg = Release|Any CPU
		{ADB4B90D-2591-4B4F-BA02-345272076654}.Release|Any CPU.Build.0 = Release|Any CPU
		{B894686B-7DC0-429D-8425-F88B5E5816A0}.Debug|Any CPU.ActiveCfg = Debug|Any CPU
		{B894686B-7DC0-429D-8425-F88B5E5816A0}.Debug|Any CPU.Build.0 = Debug|Any CPU
		{B894686B-7DC0-429D-8425-F88B5E5816A0}.Release|Any CPU.ActiveCfg = Release|Any CPU
		{B894686B-7DC0-429D-8425-F88B5E5816A0}.Release|Any CPU.Build.0 = Release|Any CPU
		{E98B4DC8-FB57-4DF7-8DB2-7495CB6EB0CB}.Debug|Any CPU.ActiveCfg = Debug|Any CPU
		{E98B4DC8-FB57-4DF7-8DB2-7495CB6EB0CB}.Debug|Any CPU.Build.0 = Debug|Any CPU
		{E98B4DC8-FB57-4DF7-8DB2-7495CB6EB0CB}.Release|Any CPU.ActiveCfg = Release|Any CPU
		{E98B4DC8-FB57-4DF7-8DB2-7495CB6EB0CB}.Release|Any CPU.Build.0 = Release|Any CPU
		{F70F9A8D-DE2B-4823-895B-B404B2DA86A7}.Debug|Any CPU.ActiveCfg = Debug|Any CPU
		{F70F9A8D-DE2B-4823-895B-B404B2DA86A7}.Debug|Any CPU.Build.0 = Debug|Any CPU
		{F70F9A8D-DE2B-4823-895B-B404B2DA86A7}.Release|Any CPU.ActiveCfg = Release|Any CPU
		{F70F9A8D-DE2B-4823-895B-B404B2DA86A7}.Release|Any CPU.Build.0 = Release|Any CPU
		{DEF6D8C3-8138-4690-87D5-FB706B20881A}.Debug|Any CPU.ActiveCfg = Debug|Any CPU
		{DEF6D8C3-8138-4690-87D5-FB706B20881A}.Debug|Any CPU.Build.0 = Debug|Any CPU
		{DEF6D8C3-8138-4690-87D5-FB706B20881A}.Release|Any CPU.ActiveCfg = Release|Any CPU
		{DEF6D8C3-8138-4690-87D5-FB706B20881A}.Release|Any CPU.Build.0 = Release|Any CPU
		{323962F2-0677-4DCD-91DE-2ABE9A8B9C70}.Debug|Any CPU.ActiveCfg = Debug|Any CPU
		{323962F2-0677-4DCD-91DE-2ABE9A8B9C70}.Debug|Any CPU.Build.0 = Debug|Any CPU
		{323962F2-0677-4DCD-91DE-2ABE9A8B9C70}.Release|Any CPU.ActiveCfg = Release|Any CPU
		{323962F2-0677-4DCD-91DE-2ABE9A8B9C70}.Release|Any CPU.Build.0 = Release|Any CPU
		{03979B04-A6D9-4B16-A3BC-805B2F49B4A8}.Debug|Any CPU.ActiveCfg = Debug|Any CPU
		{03979B04-A6D9-4B16-A3BC-805B2F49B4A8}.Debug|Any CPU.Build.0 = Debug|Any CPU
		{03979B04-A6D9-4B16-A3BC-805B2F49B4A8}.Release|Any CPU.ActiveCfg = Release|Any CPU
		{03979B04-A6D9-4B16-A3BC-805B2F49B4A8}.Release|Any CPU.Build.0 = Release|Any CPU
		{95C268FF-34A5-45C9-84B2-6F20E11B15CC}.Debug|Any CPU.ActiveCfg = Debug|Any CPU
		{95C268FF-34A5-45C9-84B2-6F20E11B15CC}.Debug|Any CPU.Build.0 = Debug|Any CPU
		{95C268FF-34A5-45C9-84B2-6F20E11B15CC}.Release|Any CPU.ActiveCfg = Release|Any CPU
		{95C268FF-34A5-45C9-84B2-6F20E11B15CC}.Release|Any CPU.Build.0 = Release|Any CPU
		{D0072964-9891-427C-8DD3-D1C6F4288BF5}.Debug|Any CPU.ActiveCfg = Debug|Any CPU
		{D0072964-9891-427C-8DD3-D1C6F4288BF5}.Debug|Any CPU.Build.0 = Debug|Any CPU
		{D0072964-9891-427C-8DD3-D1C6F4288BF5}.Release|Any CPU.ActiveCfg = Release|Any CPU
		{D0072964-9891-427C-8DD3-D1C6F4288BF5}.Release|Any CPU.Build.0 = Release|Any CPU
		{FE177C14-FD45-464F-87A4-0F78F0919AD6}.Debug|Any CPU.ActiveCfg = Debug|Any CPU
		{FE177C14-FD45-464F-87A4-0F78F0919AD6}.Debug|Any CPU.Build.0 = Debug|Any CPU
		{FE177C14-FD45-464F-87A4-0F78F0919AD6}.Release|Any CPU.ActiveCfg = Release|Any CPU
		{FE177C14-FD45-464F-87A4-0F78F0919AD6}.Release|Any CPU.Build.0 = Release|Any CPU
		{742C5B21-9D52-478A-8720-B2A3202CE7C0}.Debug|Any CPU.ActiveCfg = Debug|Any CPU
		{742C5B21-9D52-478A-8720-B2A3202CE7C0}.Debug|Any CPU.Build.0 = Debug|Any CPU
		{742C5B21-9D52-478A-8720-B2A3202CE7C0}.Release|Any CPU.ActiveCfg = Release|Any CPU
		{742C5B21-9D52-478A-8720-B2A3202CE7C0}.Release|Any CPU.Build.0 = Release|Any CPU
	EndGlobalSection
	GlobalSection(SolutionProperties) = preSolution
		HideSolutionNode = FALSE
	EndGlobalSection
	GlobalSection(ExtensibilityGlobals) = postSolution
		SolutionGuid = {5CBAD33D-251D-40FC-BF3C-FECBEB715135}
	EndGlobalSection
EndGlobal
