
Microsoft Visual Studio Solution File, Format Version 12.00
# Visual Studio Version 17
VisualStudioVersion = 17.10.34928.147
MinimumVisualStudioVersion = 10.0.40219.1
Project("{9A19103F-16F7-4668-BE54-9A1E7A4F7556}") = "1Estrutura_if", "1Estrutura_if\1Estrutura_if.csproj", "{92C0A69E-72D8-4BBF-998F-4C1A85C6C937}"
EndProject
Project("{9A19103F-16F7-4668-BE54-9A1E7A4F7556}") = "2Estrutura_if_else", "2Estrutura_if_else\2Estrutura_if_else.csproj", "{260AAE5E-A1D9-4FDA-AD01-E13B17841ED3}"
EndProject
Project("{9A19103F-16F7-4668-BE54-9A1E7A4F7556}") = "3Estrutura_if_else_if", "3Estrutura_if_else_if\3Estrutura_if_else_if.csproj", "{E1F2FC0D-11AB-493C-A5B9-1978BBF803D7}"
EndProject
Project("{9A19103F-16F7-4668-BE54-9A1E7A4F7556}") = "4Estrutura_switch_case", "4Estrutura_switch_case\4Estrutura_switch_case.csproj", "{211FC45B-6C38-4FAB-8AC7-6870B33A4196}"
EndProject
Project("{9A19103F-16F7-4668-BE54-9A1E7A4F7556}") = "Repeticao_goto", "Repeticao_goto\Repeticao_goto.csproj", "{695A78C0-67DE-4BAD-878E-22A62FA2B86E}"
EndProject
Project("{9A19103F-16F7-4668-BE54-9A1E7A4F7556}") = "6Repeticao_while", "6Repeticao_while\6Repeticao_while.csproj", "{4EF93BD3-916F-4674-A609-5FBF16140A93}"
EndProject
Project("{9A19103F-16F7-4668-BE54-9A1E7A4F7556}") = "8Repeticao_for", "8Repeticao_for\8Repeticao_for.csproj", "{FE615D2D-F89F-46EF-B82B-62AFAB698F6D}"
EndProject
Project("{9A19103F-16F7-4668-BE54-9A1E7A4F7556}") = "9Repeticao_for", "9Repeticao_for\9Repeticao_for.csproj", "{A388AC99-8C2A-495C-83D8-098E8933872D}"
EndProject
Project("{FAE04EC0-301F-11D3-BF4B-00C04F79EFBC}") = "10Break_Continue", "10Break_Continue\10Break_Continue.csproj", "{215E4CF3-2AA8-405A-9AFB-BC26D7E2A8C1}"
EndProject
Global
	GlobalSection(SolutionConfigurationPlatforms) = preSolution
		Debug|Any CPU = Debug|Any CPU
		Release|Any CPU = Release|Any CPU
	EndGlobalSection
	GlobalSection(ProjectConfigurationPlatforms) = postSolution
		{92C0A69E-72D8-4BBF-998F-4C1A85C6C937}.Debug|Any CPU.ActiveCfg = Debug|Any CPU
		{92C0A69E-72D8-4BBF-998F-4C1A85C6C937}.Debug|Any CPU.Build.0 = Debug|Any CPU
		{92C0A69E-72D8-4BBF-998F-4C1A85C6C937}.Release|Any CPU.ActiveCfg = Release|Any CPU
		{92C0A69E-72D8-4BBF-998F-4C1A85C6C937}.Release|Any CPU.Build.0 = Release|Any CPU
		{260AAE5E-A1D9-4FDA-AD01-E13B17841ED3}.Debug|Any CPU.ActiveCfg = Debug|Any CPU
		{260AAE5E-A1D9-4FDA-AD01-E13B17841ED3}.Debug|Any CPU.Build.0 = Debug|Any CPU
		{260AAE5E-A1D9-4FDA-AD01-E13B17841ED3}.Release|Any CPU.ActiveCfg = Release|Any CPU
		{260AAE5E-A1D9-4FDA-AD01-E13B17841ED3}.Release|Any CPU.Build.0 = Release|Any CPU
		{E1F2FC0D-11AB-493C-A5B9-1978BBF803D7}.Debug|Any CPU.ActiveCfg = Debug|Any CPU
		{E1F2FC0D-11AB-493C-A5B9-1978BBF803D7}.Debug|Any CPU.Build.0 = Debug|Any CPU
		{E1F2FC0D-11AB-493C-A5B9-1978BBF803D7}.Release|Any CPU.ActiveCfg = Release|Any CPU
		{E1F2FC0D-11AB-493C-A5B9-1978BBF803D7}.Release|Any CPU.Build.0 = Release|Any CPU
		{211FC45B-6C38-4FAB-8AC7-6870B33A4196}.Debug|Any CPU.ActiveCfg = Debug|Any CPU
		{211FC45B-6C38-4FAB-8AC7-6870B33A4196}.Debug|Any CPU.Build.0 = Debug|Any CPU
		{211FC45B-6C38-4FAB-8AC7-6870B33A4196}.Release|Any CPU.ActiveCfg = Release|Any CPU
		{211FC45B-6C38-4FAB-8AC7-6870B33A4196}.Release|Any CPU.Build.0 = Release|Any CPU
		{695A78C0-67DE-4BAD-878E-22A62FA2B86E}.Debug|Any CPU.ActiveCfg = Debug|Any CPU
		{695A78C0-67DE-4BAD-878E-22A62FA2B86E}.Debug|Any CPU.Build.0 = Debug|Any CPU
		{695A78C0-67DE-4BAD-878E-22A62FA2B86E}.Release|Any CPU.ActiveCfg = Release|Any CPU
		{695A78C0-67DE-4BAD-878E-22A62FA2B86E}.Release|Any CPU.Build.0 = Release|Any CPU
		{4EF93BD3-916F-4674-A609-5FBF16140A93}.Debug|Any CPU.ActiveCfg = Debug|Any CPU
		{4EF93BD3-916F-4674-A609-5FBF16140A93}.Debug|Any CPU.Build.0 = Debug|Any CPU
		{4EF93BD3-916F-4674-A609-5FBF16140A93}.Release|Any CPU.ActiveCfg = Release|Any CPU
		{4EF93BD3-916F-4674-A609-5FBF16140A93}.Release|Any CPU.Build.0 = Release|Any CPU
		{FE615D2D-F89F-46EF-B82B-62AFAB698F6D}.Debug|Any CPU.ActiveCfg = Debug|Any CPU
		{FE615D2D-F89F-46EF-B82B-62AFAB698F6D}.Debug|Any CPU.Build.0 = Debug|Any CPU
		{FE615D2D-F89F-46EF-B82B-62AFAB698F6D}.Release|Any CPU.ActiveCfg = Release|Any CPU
		{FE615D2D-F89F-46EF-B82B-62AFAB698F6D}.Release|Any CPU.Build.0 = Release|Any CPU
		{A388AC99-8C2A-495C-83D8-098E8933872D}.Debug|Any CPU.ActiveCfg = Debug|Any CPU
		{A388AC99-8C2A-495C-83D8-098E8933872D}.Debug|Any CPU.Build.0 = Debug|Any CPU
		{A388AC99-8C2A-495C-83D8-098E8933872D}.Release|Any CPU.ActiveCfg = Release|Any CPU
		{A388AC99-8C2A-495C-83D8-098E8933872D}.Release|Any CPU.Build.0 = Release|Any CPU
		{215E4CF3-2AA8-405A-9AFB-BC26D7E2A8C1}.Debug|Any CPU.ActiveCfg = Debug|Any CPU
		{215E4CF3-2AA8-405A-9AFB-BC26D7E2A8C1}.Debug|Any CPU.Build.0 = Debug|Any CPU
		{215E4CF3-2AA8-405A-9AFB-BC26D7E2A8C1}.Release|Any CPU.ActiveCfg = Release|Any CPU
		{215E4CF3-2AA8-405A-9AFB-BC26D7E2A8C1}.Release|Any CPU.Build.0 = Release|Any CPU
	EndGlobalSection
	GlobalSection(SolutionProperties) = preSolution
		HideSolutionNode = FALSE
	EndGlobalSection
	GlobalSection(ExtensibilityGlobals) = postSolution
		SolutionGuid = {1D160B12-AFAB-482C-AD67-9CA6AE32213D}
	EndGlobalSection
EndGlobal
